
Microsoft Visual Studio Solution File, Format Version 12.00
# Visual Studio Version 17
VisualStudioVersion = 17.5.33627.172
MinimumVisualStudioVersion = 10.0.40219.1
Project("{00D1A9C2-B5F0-4AF3-8072-F6C62B433612}") = "TestDatabase-Aniruddha", "TestDatabase-Aniruddha\TestDatabase-Aniruddha.sqlproj", "{6AE1BFF1-A7A0-4438-B4CE-DD8B2A4C2F2E}"
EndProject
Global
	GlobalSection(SolutionConfigurationPlatforms) = preSolution
		Debug|Any CPU = Debug|Any CPU
		Release|Any CPU = Release|Any CPU
	EndGlobalSection
	GlobalSection(ProjectConfigurationPlatforms) = postSolution
		{6AE1BFF1-A7A0-4438-B4CE-DD8B2A4C2F2E}.Debug|Any CPU.ActiveCfg = Debug|Any CPU
		{6AE1BFF1-A7A0-4438-B4CE-DD8B2A4C2F2E}.Debug|Any CPU.Build.0 = Debug|Any CPU
		{6AE1BFF1-A7A0-4438-B4CE-DD8B2A4C2F2E}.Debug|Any CPU.Deploy.0 = Debug|Any CPU
		{6AE1BFF1-A7A0-4438-B4CE-DD8B2A4C2F2E}.Release|Any CPU.ActiveCfg = Release|Any CPU
		{6AE1BFF1-A7A0-4438-B4CE-DD8B2A4C2F2E}.Release|Any CPU.Build.0 = Release|Any CPU
		{6AE1BFF1-A7A0-4438-B4CE-DD8B2A4C2F2E}.Release|Any CPU.Deploy.0 = Release|Any CPU
	EndGlobalSection
	GlobalSection(SolutionProperties) = preSolution
		HideSolutionNode = FALSE
	EndGlobalSection
	GlobalSection(ExtensibilityGlobals) = postSolution
		SolutionGuid = {89D31A95-0BB4-4DA3-AE54-A38B704A6163}
	EndGlobalSection
EndGlobal
